{
    "name": "node-red-contrib-monarco-hat",
    "version": "1.0.1",
    "lockfileVersion": 1,
    "requires": true,
    "dependencies": {
        "base64-js": {
            "version": "1.3.0",
            "resolved": "https://registry.npmjs.org/base64-js/-/base64-js-1.3.0.tgz",
            "integrity": "sha512-ccav/yGvoa80BQDljCxsmmQ3Xvx60/UpBIij5QN21W3wBi/hhIC9OoO+KLpu9IJTS9j4DRVJ3aDDF9cMSoa2lw=="
        },
        "bindings": {
            "version": "1.5.0",
            "resolved": "https://registry.npmjs.org/bindings/-/bindings-1.5.0.tgz",
            "integrity": "sha512-p2q/t/mhvuOj/UeLlV6566GD/guowlr0hHxClI0W9m7MWYkL1F0hLo+0Aexs9HSPCtR1SXQ0TD3MMKrXZajbiQ==",
            "requires": {
                "file-uri-to-path": "1.0.0"
            }
        },
        "buffer": {
            "version": "5.2.1",
            "resolved": "https://registry.npmjs.org/buffer/-/buffer-5.2.1.tgz",
            "integrity": "sha512-c+Ko0loDaFfuPWiL02ls9Xd3GO3cPVmUobQ6t3rXNUk304u6hGq+8N/kFi+QEIKhzK3uwolVhLzszmfLmMLnqg==",
            "requires": {
                "base64-js": "1.3.0",
                "ieee754": "1.1.13"
            }
        },
        "crc": {
            "version": "3.8.0",
            "resolved": "https://registry.npmjs.org/crc/-/crc-3.8.0.tgz",
            "integrity": "sha512-iX3mfgcTMIq3ZKLIsVFAbv7+Mc10kxabAGQb8HvjA1o3T1PIYprbakQ65d3I+2HGHt6nSKkM9PYjgoJO2KcFBQ==",
            "requires": {
                "buffer": "5.2.1"
            }
        },
        "file-uri-to-path": {
            "version": "1.0.0",
            "resolved": "https://registry.npmjs.org/file-uri-to-path/-/file-uri-to-path-1.0.0.tgz",
            "integrity": "sha512-0Zt+s3L7Vf1biwWZ29aARiVYLx7iMGnEUl9x33fbB/j3jR81u/O2LbqK+Bm1CDSNDKVtJ/YjwY7TUd5SkeLQLw=="
        },
        "ieee754": {
            "version": "1.1.13",
            "resolved": "https://registry.npmjs.org/ieee754/-/ieee754-1.1.13.tgz",
            "integrity": "sha512-4vf7I2LYV/HaWerSo3XmlMkp5eZ83i+/CDluXi/IGTs/O1sejBNhTtnxzmRZfvOUqj7lZjqHkeTvpgSFDlWZTg=="
        },
        "monarco-hat": {
            "version": "1.0.5",
            "resolved": "https://registry.npmjs.org/monarco-hat/-/monarco-hat-1.0.5.tgz",
            "integrity": "sha512-34cfSJmz6/TELWJZbNzpBcrBmF30Z/yywXavQ7WpHdsjDP3YCh3dKt6QdmQqAzEkx0Io1m2JX7ATUC1l7LwLgw==",
            "requires": {
                "crc": "3.8.0",
                "spi-device": "2.0.8"
            }
        },
        "nan": {
            "version": "2.14.0",
            "resolved": "https://registry.npmjs.org/nan/-/nan-2.14.0.tgz",
            "integrity": "sha512-INOFj37C7k3AfaNTtX8RhsTw7qRy7eLET14cROi9+5HAVbbHuIWUHEauBv5qT4Av2tWasiTY1Jw6puUNqRJXQg=="
        },
        "spi-device": {
            "version": "2.0.8",
            "resolved": "https://registry.npmjs.org/spi-device/-/spi-device-2.0.8.tgz",
            "integrity": "sha512-VrIdxqUvlnFT+cGYF1ljVauEqyacB/m9uIN3PWRtw4ykfRtl4Ob+lJk0exxkuCWTlvg2SNZeVqHiuMiypfKfZg==",
            "requires": {
                "bindings": "1.5.0",
                "nan": "2.14.0"
            }
        }
    }
}
