{
    "name": "node-red-contrib-monarco-hat",
    "version": "1.0.3",
    "lockfileVersion": 1,
    "requires": true,
    "dependencies": {
        "base64-js": {
            "version": "1.3.1",
            "resolved": "https://registry.npmjs.org/base64-js/-/base64-js-1.3.1.tgz",
            "integrity": "sha512-mLQ4i2QO1ytvGWFWmcngKO//JXAQueZvwEKtjgQFM4jIK0kU+ytMfplL8j+n5mspOfjHwoAg+9yhb7BwAHm36g=="
        },
        "bindings": {
            "version": "1.5.0",
            "resolved": "https://registry.npmjs.org/bindings/-/bindings-1.5.0.tgz",
            "integrity": "sha512-p2q/t/mhvuOj/UeLlV6566GD/guowlr0hHxClI0W9m7MWYkL1F0hLo+0Aexs9HSPCtR1SXQ0TD3MMKrXZajbiQ==",
            "requires": {
                "file-uri-to-path": "1.0.0"
            }
        },
        "buffer": {
            "version": "5.4.3",
            "resolved": "https://registry.npmjs.org/buffer/-/buffer-5.4.3.tgz",
            "integrity": "sha512-zvj65TkFeIt3i6aj5bIvJDzjjQQGs4o/sNoezg1F1kYap9Nu2jcUdpwzRSJTHMMzG0H7bZkn4rNQpImhuxWX2A==",
            "requires": {
                "base64-js": "^1.0.2",
                "ieee754": "^1.1.4"
            }
        },
        "crc": {
            "version": "3.8.0",
            "resolved": "https://registry.npmjs.org/crc/-/crc-3.8.0.tgz",
            "integrity": "sha512-iX3mfgcTMIq3ZKLIsVFAbv7+Mc10kxabAGQb8HvjA1o3T1PIYprbakQ65d3I+2HGHt6nSKkM9PYjgoJO2KcFBQ==",
            "requires": {
                "buffer": "^5.1.0"
            }
        },
        "file-uri-to-path": {
            "version": "1.0.0",
            "resolved": "https://registry.npmjs.org/file-uri-to-path/-/file-uri-to-path-1.0.0.tgz",
            "integrity": "sha512-0Zt+s3L7Vf1biwWZ29aARiVYLx7iMGnEUl9x33fbB/j3jR81u/O2LbqK+Bm1CDSNDKVtJ/YjwY7TUd5SkeLQLw=="
        },
        "ieee754": {
            "version": "1.1.13",
            "resolved": "https://registry.npmjs.org/ieee754/-/ieee754-1.1.13.tgz",
            "integrity": "sha512-4vf7I2LYV/HaWerSo3XmlMkp5eZ83i+/CDluXi/IGTs/O1sejBNhTtnxzmRZfvOUqj7lZjqHkeTvpgSFDlWZTg=="
        },
        "monarco-hat": {
            "version": "1.0.6",
            "resolved": "https://registry.npmjs.org/monarco-hat/-/monarco-hat-1.0.6.tgz",
            "integrity": "sha512-8sM1BtSWGIRjy1s1mPh/PFhE36mGn6VqDw3Wa96FSBxBBq5NAv6AGFOupgDthWl6jlxDxlL/9at74m3rDz3dog==",
            "requires": {
                "crc": "^3.4.0",
                "spi-device": "^2.0.0"
            }
        },
        "nan": {
            "version": "2.14.0",
            "resolved": "https://registry.npmjs.org/nan/-/nan-2.14.0.tgz",
            "integrity": "sha512-INOFj37C7k3AfaNTtX8RhsTw7qRy7eLET14cROi9+5HAVbbHuIWUHEauBv5qT4Av2tWasiTY1Jw6puUNqRJXQg=="
        },
        "spi-device": {
            "version": "2.0.9",
            "resolved": "https://registry.npmjs.org/spi-device/-/spi-device-2.0.9.tgz",
            "integrity": "sha512-7/2FZvL741f1Iy0ci9GZhJg1QLCYvFlNxAH5M/mTHsH0gmXPr+oBoVZsUnxGbqL4FWML3MMoMhPs/5+TiYGVMg==",
            "requires": {
                "bindings": "^1.5.0",
                "nan": "^2.14.0"
            }
        }
    }
}
